
Microsoft Visual Studio Solution File, Format Version 12.00
# Visual Studio Version 16
VisualStudioVersion = 16.0.29519.181
MinimumVisualStudioVersion = 10.0.40219.1
Project("{FAE04EC0-301F-11D3-BF4B-00C04F79EFBC}") = "Session6", "Session6\Session6.csproj", "{4846D140-903D-4693-8997-A1268491A059}"
EndProject
Global
	GlobalSection(SolutionConfigurationPlatforms) = preSolution
		Debug|Any CPU = Debug|Any CPU
		Release|Any CPU = Release|Any CPU
	EndGlobalSection
	GlobalSection(ProjectConfigurationPlatforms) = postSolution
		{4846D140-903D-4693-8997-A1268491A059}.Debug|Any CPU.ActiveCfg = Debug|Any CPU
		{4846D140-903D-4693-8997-A1268491A059}.Debug|Any CPU.Build.0 = Debug|Any CPU
		{4846D140-903D-4693-8997-A1268491A059}.Release|Any CPU.ActiveCfg = Release|Any CPU
		{4846D140-903D-4693-8997-A1268491A059}.Release|Any CPU.Build.0 = Release|Any CPU
	EndGlobalSection
	GlobalSection(SolutionProperties) = preSolution
		HideSolutionNode = FALSE
	EndGlobalSection
	GlobalSection(ExtensibilityGlobals) = postSolution
		SolutionGuid = {100B0850-C5B4-4DDA-A12D-F8FD4BC1C392}
	EndGlobalSection
EndGlobal
